
Microsoft Visual Studio Solution File, Format Version 12.00
# Visual Studio Version 17
VisualStudioVersion = 17.0.31903.59
MinimumVisualStudioVersion = 10.0.40219.1
Project("{2150E333-8FDC-42A3-9474-1A3956D46DE8}") = "src", "src", "{E003BD24-7784-4542-B8BE-0F5E24092F2A}"
EndProject
Project("{9A19103F-16F7-4668-BE54-9A1E7A4F7556}") = "PokemonService", "src\PokemonService\PokemonService.csproj", "{05DBD790-A844-4B9A-914D-2FA9514B2D94}"
EndProject
Project("{9A19103F-16F7-4668-BE54-9A1E7A4F7556}") = "Contracts", "src\Contracts\Contracts.csproj", "{07BCD246-DEF6-4A45-B221-86365A2EF58E}"
EndProject
Project("{9A19103F-16F7-4668-BE54-9A1E7A4F7556}") = "SearchService", "src\SearchService\SearchService.csproj", "{48D2F129-035C-4185-8169-53FABB8FAEBB}"
EndProject
Project("{9A19103F-16F7-4668-BE54-9A1E7A4F7556}") = "IdentityService", "src\IdentityService\IdentityService.csproj", "{765EFD2B-83B9-467B-BE6A-B9297070F599}"
EndProject
Project("{FAE04EC0-301F-11D3-BF4B-00C04F79EFBC}") = "GatewayService", "src\GatewayService\GatewayService.csproj", "{360E05DA-AE6B-470A-8531-0EDD73F9FCA8}"
EndProject
Project("{FAE04EC0-301F-11D3-BF4B-00C04F79EFBC}") = "CartService", "src\CartService\CartService.csproj", "{AA3BA842-BDF1-4A03-BD61-78284407BAFF}"
EndProject
Global
	GlobalSection(SolutionConfigurationPlatforms) = preSolution
		Debug|Any CPU = Debug|Any CPU
		Release|Any CPU = Release|Any CPU
	EndGlobalSection
	GlobalSection(ProjectConfigurationPlatforms) = postSolution
		{05DBD790-A844-4B9A-914D-2FA9514B2D94}.Debug|Any CPU.ActiveCfg = Debug|Any CPU
		{05DBD790-A844-4B9A-914D-2FA9514B2D94}.Debug|Any CPU.Build.0 = Debug|Any CPU
		{05DBD790-A844-4B9A-914D-2FA9514B2D94}.Release|Any CPU.ActiveCfg = Release|Any CPU
		{05DBD790-A844-4B9A-914D-2FA9514B2D94}.Release|Any CPU.Build.0 = Release|Any CPU
		{07BCD246-DEF6-4A45-B221-86365A2EF58E}.Debug|Any CPU.ActiveCfg = Debug|Any CPU
		{07BCD246-DEF6-4A45-B221-86365A2EF58E}.Debug|Any CPU.Build.0 = Debug|Any CPU
		{07BCD246-DEF6-4A45-B221-86365A2EF58E}.Release|Any CPU.ActiveCfg = Release|Any CPU
		{07BCD246-DEF6-4A45-B221-86365A2EF58E}.Release|Any CPU.Build.0 = Release|Any CPU
		{48D2F129-035C-4185-8169-53FABB8FAEBB}.Debug|Any CPU.ActiveCfg = Debug|Any CPU
		{48D2F129-035C-4185-8169-53FABB8FAEBB}.Debug|Any CPU.Build.0 = Debug|Any CPU
		{48D2F129-035C-4185-8169-53FABB8FAEBB}.Release|Any CPU.ActiveCfg = Release|Any CPU
		{48D2F129-035C-4185-8169-53FABB8FAEBB}.Release|Any CPU.Build.0 = Release|Any CPU
		{765EFD2B-83B9-467B-BE6A-B9297070F599}.Debug|Any CPU.ActiveCfg = Debug|Any CPU
		{765EFD2B-83B9-467B-BE6A-B9297070F599}.Debug|Any CPU.Build.0 = Debug|Any CPU
		{765EFD2B-83B9-467B-BE6A-B9297070F599}.Release|Any CPU.ActiveCfg = Release|Any CPU
		{765EFD2B-83B9-467B-BE6A-B9297070F599}.Release|Any CPU.Build.0 = Release|Any CPU
		{360E05DA-AE6B-470A-8531-0EDD73F9FCA8}.Debug|Any CPU.ActiveCfg = Debug|Any CPU
		{360E05DA-AE6B-470A-8531-0EDD73F9FCA8}.Debug|Any CPU.Build.0 = Debug|Any CPU
		{360E05DA-AE6B-470A-8531-0EDD73F9FCA8}.Release|Any CPU.ActiveCfg = Release|Any CPU
		{360E05DA-AE6B-470A-8531-0EDD73F9FCA8}.Release|Any CPU.Build.0 = Release|Any CPU
		{AA3BA842-BDF1-4A03-BD61-78284407BAFF}.Debug|Any CPU.ActiveCfg = Debug|Any CPU
		{AA3BA842-BDF1-4A03-BD61-78284407BAFF}.Debug|Any CPU.Build.0 = Debug|Any CPU
		{AA3BA842-BDF1-4A03-BD61-78284407BAFF}.Release|Any CPU.ActiveCfg = Release|Any CPU
		{AA3BA842-BDF1-4A03-BD61-78284407BAFF}.Release|Any CPU.Build.0 = Release|Any CPU
	EndGlobalSection
	GlobalSection(SolutionProperties) = preSolution
		HideSolutionNode = FALSE
	EndGlobalSection
	GlobalSection(NestedProjects) = preSolution
		{05DBD790-A844-4B9A-914D-2FA9514B2D94} = {E003BD24-7784-4542-B8BE-0F5E24092F2A}
		{07BCD246-DEF6-4A45-B221-86365A2EF58E} = {E003BD24-7784-4542-B8BE-0F5E24092F2A}
		{48D2F129-035C-4185-8169-53FABB8FAEBB} = {E003BD24-7784-4542-B8BE-0F5E24092F2A}
		{765EFD2B-83B9-467B-BE6A-B9297070F599} = {E003BD24-7784-4542-B8BE-0F5E24092F2A}
		{360E05DA-AE6B-470A-8531-0EDD73F9FCA8} = {E003BD24-7784-4542-B8BE-0F5E24092F2A}
		{AA3BA842-BDF1-4A03-BD61-78284407BAFF} = {E003BD24-7784-4542-B8BE-0F5E24092F2A}
	EndGlobalSection
	GlobalSection(ExtensibilityGlobals) = postSolution
		SolutionGuid = {D4D4B81F-A905-48F8-BE8C-61B85D6BAEC2}
	EndGlobalSection
EndGlobal
